
Microsoft Visual Studio Solution File, Format Version 12.00
# Visual Studio Version 16
VisualStudioVersion = 16.0.31402.337
MinimumVisualStudioVersion = 10.0.40219.1
Project("{FAE04EC0-301F-11D3-BF4B-00C04F79EFBC}") = "Structure_class_Comparison", "Structure_class_Comparison\Structure_class_Comparison.csproj", "{BAB159FF-2DA0-4B3E-BA21-ADF4EBD477D3}"
EndProject
Global
	GlobalSection(SolutionConfigurationPlatforms) = preSolution
		Debug|Any CPU = Debug|Any CPU
		Release|Any CPU = Release|Any CPU
	EndGlobalSection
	GlobalSection(ProjectConfigurationPlatforms) = postSolution
		{BAB159FF-2DA0-4B3E-BA21-ADF4EBD477D3}.Debug|Any CPU.ActiveCfg = Debug|Any CPU
		{BAB159FF-2DA0-4B3E-BA21-ADF4EBD477D3}.Debug|Any CPU.Build.0 = Debug|Any CPU
		{BAB159FF-2DA0-4B3E-BA21-ADF4EBD477D3}.Release|Any CPU.ActiveCfg = Release|Any CPU
		{BAB159FF-2DA0-4B3E-BA21-ADF4EBD477D3}.Release|Any CPU.Build.0 = Release|Any CPU
	EndGlobalSection
	GlobalSection(SolutionProperties) = preSolution
		HideSolutionNode = FALSE
	EndGlobalSection
	GlobalSection(ExtensibilityGlobals) = postSolution
		SolutionGuid = {C2C60C43-0681-4D8A-9C3B-6BC9D9A53DEF}
	EndGlobalSection
EndGlobal
